
Microsoft Visual Studio Solution File, Format Version 12.00
# Visual Studio 2013
VisualStudioVersion = 12.0.31101.0
MinimumVisualStudioVersion = 10.0.40219.1
Project("{FAE04EC0-301F-11D3-BF4B-00C04F79EFBC}") = "Dapper", "Dapper\Dapper.csproj", "{6DA7FD8F-6C1F-4C7B-A1ED-D9651EEC19FF}"
EndProject
Project("{FAE04EC0-301F-11D3-BF4B-00C04F79EFBC}") = "DapperExtensions", "DapperExtensions\DapperExtensions.csproj", "{2AD181DB-C24E-4C09-BF30-87E23AEB58EA}"
EndProject
Project("{2150E333-8FDC-42A3-9474-1A3956D46DE8}") = "SharedSource", "SharedSource", "{1F7C5F7B-9C50-4767-8978-84763953032C}"
EndProject
Project("{FAE04EC0-301F-11D3-BF4B-00C04F79EFBC}") = "Models", "Models\Models.csproj", "{26183A54-5159-4D0E-901D-70E53C811CC6}"
EndProject
Project("{FAE04EC0-301F-11D3-BF4B-00C04F79EFBC}") = "WrappedDapper", "WrappedDapper\WrappedDapper.csproj", "{0D3B07B5-A9BF-417B-B192-EFD37AE1B1F1}"
EndProject
Project("{FAE04EC0-301F-11D3-BF4B-00C04F79EFBC}") = "Services", "Servers\Services.csproj", "{680132D2-2BCD-449D-BD3E-7CE6953608D9}"
EndProject
Project("{FAE04EC0-301F-11D3-BF4B-00C04F79EFBC}") = "Client", "Client\Client.csproj", "{DA25E329-94CC-4606-AF03-22C7118DA26C}"
EndProject
Project("{FAE04EC0-301F-11D3-BF4B-00C04F79EFBC}") = "AOPModule", "AOPModule\AOPModule.csproj", "{EF980665-36F2-4C27-B332-C2E8508146C8}"
EndProject
Project("{FAE04EC0-301F-11D3-BF4B-00C04F79EFBC}") = "IServices", "IServices\IServices.csproj", "{48DB4579-BBEB-47AC-A7F4-46B0475B42AF}"
EndProject
Project("{2150E333-8FDC-42A3-9474-1A3956D46DE8}") = "Service", "Service", "{B5BA82CD-858C-4AD7-B5A5-3725A6575DA5}"
EndProject
Project("{2150E333-8FDC-42A3-9474-1A3956D46DE8}") = "Domains", "Domains", "{1AEF7047-3C36-48F2-95A8-8DD30A42039B}"
EndProject
Project("{2150E333-8FDC-42A3-9474-1A3956D46DE8}") = "infrastructure", "infrastructure", "{C7207314-9750-423F-9F07-50FA48F55307}"
EndProject
Project("{2150E333-8FDC-42A3-9474-1A3956D46DE8}") = "DataAccessLayer", "DataAccessLayer", "{2C7454BF-336C-41B7-9263-F951390D7F52}"
EndProject
Project("{FAE04EC0-301F-11D3-BF4B-00C04F79EFBC}") = "LogModule", "LogModule\LogModule.csproj", "{BCBF49B7-6D9D-4781-B5F6-F978B3A1F1C9}"
EndProject
Project("{FAE04EC0-301F-11D3-BF4B-00C04F79EFBC}") = "log4net.vs2012", "log4net\log4net.vs2012.csproj", "{181FE707-E161-4722-9F38-6AAAB6FAA106}"
EndProject
Global
	GlobalSection(SolutionConfigurationPlatforms) = preSolution
		Debug|Any CPU = Debug|Any CPU
		Release|Any CPU = Release|Any CPU
	EndGlobalSection
	GlobalSection(ProjectConfigurationPlatforms) = postSolution
		{6DA7FD8F-6C1F-4C7B-A1ED-D9651EEC19FF}.Debug|Any CPU.ActiveCfg = Debug|Any CPU
		{6DA7FD8F-6C1F-4C7B-A1ED-D9651EEC19FF}.Debug|Any CPU.Build.0 = Debug|Any CPU
		{6DA7FD8F-6C1F-4C7B-A1ED-D9651EEC19FF}.Release|Any CPU.ActiveCfg = Release|Any CPU
		{6DA7FD8F-6C1F-4C7B-A1ED-D9651EEC19FF}.Release|Any CPU.Build.0 = Release|Any CPU
		{2AD181DB-C24E-4C09-BF30-87E23AEB58EA}.Debug|Any CPU.ActiveCfg = Debug|Any CPU
		{2AD181DB-C24E-4C09-BF30-87E23AEB58EA}.Debug|Any CPU.Build.0 = Debug|Any CPU
		{2AD181DB-C24E-4C09-BF30-87E23AEB58EA}.Release|Any CPU.ActiveCfg = Release|Any CPU
		{2AD181DB-C24E-4C09-BF30-87E23AEB58EA}.Release|Any CPU.Build.0 = Release|Any CPU
		{26183A54-5159-4D0E-901D-70E53C811CC6}.Debug|Any CPU.ActiveCfg = Debug|Any CPU
		{26183A54-5159-4D0E-901D-70E53C811CC6}.Debug|Any CPU.Build.0 = Debug|Any CPU
		{26183A54-5159-4D0E-901D-70E53C811CC6}.Release|Any CPU.ActiveCfg = Release|Any CPU
		{26183A54-5159-4D0E-901D-70E53C811CC6}.Release|Any CPU.Build.0 = Release|Any CPU
		{0D3B07B5-A9BF-417B-B192-EFD37AE1B1F1}.Debug|Any CPU.ActiveCfg = Debug|Any CPU
		{0D3B07B5-A9BF-417B-B192-EFD37AE1B1F1}.Debug|Any CPU.Build.0 = Debug|Any CPU
		{0D3B07B5-A9BF-417B-B192-EFD37AE1B1F1}.Release|Any CPU.ActiveCfg = Release|Any CPU
		{0D3B07B5-A9BF-417B-B192-EFD37AE1B1F1}.Release|Any CPU.Build.0 = Release|Any CPU
		{680132D2-2BCD-449D-BD3E-7CE6953608D9}.Debug|Any CPU.ActiveCfg = Debug|Any CPU
		{680132D2-2BCD-449D-BD3E-7CE6953608D9}.Debug|Any CPU.Build.0 = Debug|Any CPU
		{680132D2-2BCD-449D-BD3E-7CE6953608D9}.Release|Any CPU.ActiveCfg = Release|Any CPU
		{680132D2-2BCD-449D-BD3E-7CE6953608D9}.Release|Any CPU.Build.0 = Release|Any CPU
		{DA25E329-94CC-4606-AF03-22C7118DA26C}.Debug|Any CPU.ActiveCfg = Debug|Any CPU
		{DA25E329-94CC-4606-AF03-22C7118DA26C}.Debug|Any CPU.Build.0 = Debug|Any CPU
		{DA25E329-94CC-4606-AF03-22C7118DA26C}.Release|Any CPU.ActiveCfg = Release|Any CPU
		{DA25E329-94CC-4606-AF03-22C7118DA26C}.Release|Any CPU.Build.0 = Release|Any CPU
		{EF980665-36F2-4C27-B332-C2E8508146C8}.Debug|Any CPU.ActiveCfg = Debug|Any CPU
		{EF980665-36F2-4C27-B332-C2E8508146C8}.Debug|Any CPU.Build.0 = Debug|Any CPU
		{EF980665-36F2-4C27-B332-C2E8508146C8}.Release|Any CPU.ActiveCfg = Release|Any CPU
		{EF980665-36F2-4C27-B332-C2E8508146C8}.Release|Any CPU.Build.0 = Release|Any CPU
		{48DB4579-BBEB-47AC-A7F4-46B0475B42AF}.Debug|Any CPU.ActiveCfg = Debug|Any CPU
		{48DB4579-BBEB-47AC-A7F4-46B0475B42AF}.Debug|Any CPU.Build.0 = Debug|Any CPU
		{48DB4579-BBEB-47AC-A7F4-46B0475B42AF}.Release|Any CPU.ActiveCfg = Release|Any CPU
		{48DB4579-BBEB-47AC-A7F4-46B0475B42AF}.Release|Any CPU.Build.0 = Release|Any CPU
		{BCBF49B7-6D9D-4781-B5F6-F978B3A1F1C9}.Debug|Any CPU.ActiveCfg = Debug|Any CPU
		{BCBF49B7-6D9D-4781-B5F6-F978B3A1F1C9}.Debug|Any CPU.Build.0 = Debug|Any CPU
		{BCBF49B7-6D9D-4781-B5F6-F978B3A1F1C9}.Release|Any CPU.ActiveCfg = Release|Any CPU
		{BCBF49B7-6D9D-4781-B5F6-F978B3A1F1C9}.Release|Any CPU.Build.0 = Release|Any CPU
		{181FE707-E161-4722-9F38-6AAAB6FAA106}.Debug|Any CPU.ActiveCfg = Debug|Any CPU
		{181FE707-E161-4722-9F38-6AAAB6FAA106}.Debug|Any CPU.Build.0 = Debug|Any CPU
		{181FE707-E161-4722-9F38-6AAAB6FAA106}.Release|Any CPU.ActiveCfg = Release|Any CPU
		{181FE707-E161-4722-9F38-6AAAB6FAA106}.Release|Any CPU.Build.0 = Release|Any CPU
	EndGlobalSection
	GlobalSection(SolutionProperties) = preSolution
		HideSolutionNode = FALSE
	EndGlobalSection
	GlobalSection(NestedProjects) = preSolution
		{6DA7FD8F-6C1F-4C7B-A1ED-D9651EEC19FF} = {1F7C5F7B-9C50-4767-8978-84763953032C}
		{2AD181DB-C24E-4C09-BF30-87E23AEB58EA} = {1F7C5F7B-9C50-4767-8978-84763953032C}
		{26183A54-5159-4D0E-901D-70E53C811CC6} = {1AEF7047-3C36-48F2-95A8-8DD30A42039B}
		{0D3B07B5-A9BF-417B-B192-EFD37AE1B1F1} = {2C7454BF-336C-41B7-9263-F951390D7F52}
		{680132D2-2BCD-449D-BD3E-7CE6953608D9} = {B5BA82CD-858C-4AD7-B5A5-3725A6575DA5}
		{EF980665-36F2-4C27-B332-C2E8508146C8} = {C7207314-9750-423F-9F07-50FA48F55307}
		{48DB4579-BBEB-47AC-A7F4-46B0475B42AF} = {B5BA82CD-858C-4AD7-B5A5-3725A6575DA5}
		{BCBF49B7-6D9D-4781-B5F6-F978B3A1F1C9} = {C7207314-9750-423F-9F07-50FA48F55307}
		{181FE707-E161-4722-9F38-6AAAB6FAA106} = {1F7C5F7B-9C50-4767-8978-84763953032C}
	EndGlobalSection
EndGlobal
